# THIS IS AN AUTOGENERATED FILE. DO NOT EDIT THIS FILE DIRECTLY.
# yarn lockfile v1


"@blakeembrey/deque@^1.0.5":
  version "1.0.5"
  resolved "https://registry.npmjs.org/@blakeembrey/deque/-/deque-1.0.5.tgz"
  integrity sha512-6xnwtvp9DY1EINIKdTfvfeAtCYw4OqBZJhtiqkT3ivjnEfa25VQ3TsKvaFfKm8MyGIEfE95qLe+bNEt3nB0Ylg==

"@blakeembrey/template@^1.0.0":
  version "1.2.0"
  resolved "https://registry.npmjs.org/@blakeembrey/template/-/template-1.2.0.tgz"
  integrity sha512-w/63nURdkRPpg3AXbNr7lPv6HgOuVDyefTumiXsbXxtIwcuk5EXayWR5OpSwDjsQPgaYsfUSedMduaNOjAYY8A==

"@isaacs/cliui@^8.0.2":
  version "8.0.2"
  resolved "https://registry.npmjs.org/@isaacs/cliui/-/cliui-8.0.2.tgz"
  integrity sha512-O8jcjabXaleOG9DQ0+ARXWZBTfnP4WNAqzuiJK7ll44AmxGKv/J2M4TPjxjY3znBCfvBXFzucm1twdyFybFqEA==
  dependencies:
    string-width "^5.1.2"
    string-width-cjs "npm:string-width@^4.2.0"
    strip-ansi "^7.0.1"
    strip-ansi-cjs "npm:strip-ansi@^6.0.1"
    wrap-ansi "^8.1.0"
    wrap-ansi-cjs "npm:wrap-ansi@^7.0.0"

"@mongodb-js/saslprep@^1.1.9":
  version "1.1.9"
  resolved "https://registry.npmjs.org/@mongodb-js/saslprep/-/saslprep-1.1.9.tgz"
  integrity sha512-tVkljjeEaAhCqTzajSdgbQ6gE6f3oneVwa3iXR6csiEwXXOFsiC6Uh9iAjAhXPtqa/XMDHWjjeNH/77m/Yq2dw==
  dependencies:
    sparse-bitfield "^3.0.3"

"@pkgjs/parseargs@^0.11.0":
  version "0.11.0"
  resolved "https://registry.npmjs.org/@pkgjs/parseargs/-/parseargs-0.11.0.tgz"
  integrity sha512-+1VkjdD0QBLPodGrJUeqarH8VAIvQODIbwh9XpP5Syisf7YoQgsJKPNFoqqLQlu+VQ/tVSshMR6loPMn8U+dPg==

"@types/chai@4":
  version "4.3.20"
  resolved "https://registry.npmjs.org/@types/chai/-/chai-4.3.20.tgz"
  integrity sha512-/pC9HAB5I/xMlc5FP77qjCnI16ChlJfW0tGa0IUcFn38VJrTV6DeZ60NU5KZBtaOZqjdpwTWohz5HU1RrhiYxQ==

"@types/cookiejar@*":
  version "2.1.5"
  resolved "https://registry.npmjs.org/@types/cookiejar/-/cookiejar-2.1.5.tgz"
  integrity sha512-he+DHOWReW0nghN24E1WUqM0efK4kI9oTqDm6XmK8ZPe2djZ90BSNdGnIyCLzCPw7/pogPlGbzI2wHGGmi4O/Q==

"@types/node@*":
  version "22.10.7"
  resolved "https://registry.npmjs.org/@types/node/-/node-22.10.7.tgz"
  integrity sha512-V09KvXxFiutGp6B7XkpaDXlNadZxrzajcY50EuoLIpQ6WWYCSvf19lVIazzfIzQvhUN2HjX12spLojTnhuKlGg==
  dependencies:
    undici-types "~6.20.0"

"@types/superagent@^3.8.3":
  version "3.8.7"
  resolved "https://registry.npmjs.org/@types/superagent/-/superagent-3.8.7.tgz"
  integrity sha512-9KhCkyXv268A2nZ1Wvu7rQWM+BmdYUVkycFeNnYrUL5Zwu7o8wPQ3wBfW59dDP+wuoxw0ww8YKgTNv8j/cgscA==
  dependencies:
    "@types/cookiejar" "*"
    "@types/node" "*"

"@types/webidl-conversions@*":
  version "7.0.3"
  resolved "https://registry.npmjs.org/@types/webidl-conversions/-/webidl-conversions-7.0.3.tgz"
  integrity sha512-CiJJvcRtIgzadHCYXw7dqEnMNRjhGZlYK05Mj9OyktqV8uVT8fD2BFOB7S1uwBE3Kj2Z+4UyPmFw/Ixgw/LAlA==

"@types/whatwg-url@^11.0.2":
  version "11.0.5"
  resolved "https://registry.npmjs.org/@types/whatwg-url/-/whatwg-url-11.0.5.tgz"
  integrity sha512-coYR071JRaHa+xoEvvYqvnIHaVqaYrLPbsufM9BF63HkwI5Lgmy2QR8Q5K/lYDYo5AK82wOvSOS0UsLTpTG7uQ==
  dependencies:
    "@types/webidl-conversions" "*"

abbrev@1:
  version "1.1.1"
  resolved "https://registry.npmjs.org/abbrev/-/abbrev-1.1.1.tgz"
  integrity sha512-nne9/IiQ/hzIhY6pdDnbBtz7DjPTKrY00P/zvPSm5pOFkl6xuGrGnXn/VtTNNfNtAfZ9/1RtehkszU9qcTii0Q==

accepts@~1.3.8:
  version "1.3.8"
  resolved "https://registry.npmjs.org/accepts/-/accepts-1.3.8.tgz"
  integrity sha512-PYAthTa2m2VKxuvSD3DPC/Gy+U+sOA1LAuT8mkmRuvw+NACSaeXEQ+NHcVF7rONl6qcaxV3Uuemwawk+7+SJLw==
  dependencies:
    mime-types "~2.1.34"
    negotiator "0.6.3"

ansi-colors@^4.1.3:
  version "4.1.3"
  resolved "https://registry.npmjs.org/ansi-colors/-/ansi-colors-4.1.3.tgz"
  integrity sha512-/6w/C21Pm1A7aZitlI5Ni/2J6FFQN8i1Cvz3kHABAAbw93v/NlvKdVOqz7CCWz/3iv/JplRSEEZ83XION15ovw==

ansi-regex@^5.0.1:
  version "5.0.1"
  resolved "https://registry.npmjs.org/ansi-regex/-/ansi-regex-5.0.1.tgz"
  integrity sha512-quJQXlTSUGL2LH9SUXo8VwsY4soanhgo6LNSm84E1LBcE8s3O0wpdiRzyR9z/ZZJMlMWv37qOOb9pdJlMUEKFQ==

ansi-regex@^6.0.1:
  version "6.1.0"
  resolved "https://registry.npmjs.org/ansi-regex/-/ansi-regex-6.1.0.tgz"
  integrity sha512-7HSX4QQb4CspciLpVFwyRe79O3xsIZDDLER21kERQ71oaPodF8jL725AgJMFAYbooIqolJoRLuM81SpeUkpkvA==

ansi-styles@^4.0.0, ansi-styles@^4.1.0:
  version "4.3.0"
  resolved "https://registry.npmjs.org/ansi-styles/-/ansi-styles-4.3.0.tgz"
  integrity sha512-zbB9rCJAT1rbjiVDb2hqKFHNYLxgtk8NURxZ3IZwD3F6NtxbXZQCnnSi1Lkx+IDohdPlFp222wVALIheZJQSEg==
  dependencies:
    color-convert "^2.0.1"

ansi-styles@^6.1.0:
  version "6.2.1"
  resolved "https://registry.npmjs.org/ansi-styles/-/ansi-styles-6.2.1.tgz"
  integrity sha512-bN798gFfQX+viw3R7yrGWRqnrN2oRkEkUjjl4JNn4E8GxxbjtG3FbrEIIY3l8/hrwUwIeCZvi4QuOTP4MErVug==

anymatch@~3.1.2:
  version "3.1.3"
  resolved "https://registry.npmjs.org/anymatch/-/anymatch-3.1.3.tgz"
  integrity sha512-KMReFUr0B4t+D+OBkjR3KYqvocp2XaSzO55UcB6mgQMd3KbcE+mWTyvVV7D/zsdEbNnV6acZUutkiHQXvTr1Rw==
  dependencies:
    normalize-path "^3.0.0"
    picomatch "^2.0.4"

arg@^4.1.3:
  version "4.1.3"
  resolved "https://registry.npmjs.org/arg/-/arg-4.1.3.tgz"
  integrity sha512-58S9QDqG0Xx27YwPSt9fJxivjYl432YCwfDMfZ+71RAqUrZef7LrKQZ3LHLOwCS4FLNBplP533Zx895SeOCHvA==

argparse@^2.0.1:
  version "2.0.1"
  resolved "https://registry.npmjs.org/argparse/-/argparse-2.0.1.tgz"
  integrity sha512-8+9WqebbFzpX9OR+Wa6O29asIogeRMzcGtAINdpMHHyAg10f05aSFVBbcEqGf/PXw1EjAZ+q2/bEBg3DvurK3Q==

array-flatten@1.1.1:
  version "1.1.1"
  resolved "https://registry.npmjs.org/array-flatten/-/array-flatten-1.1.1.tgz"

assertion-error@^1.1.0:
  version "1.1.0"
  resolved "https://registry.npmjs.org/assertion-error/-/assertion-error-1.1.0.tgz"
  integrity sha512-jgsaNduz+ndvGyFt3uSuWqvy4lCnIJiovtouQN5JZHOKCS2QuhEdbcQHFhVksz2N2U9hXJo8odG7ETyWlEeuDw==

asynckit@^0.4.0:
  version "0.4.0"
  resolved "https://registry.npmjs.org/asynckit/-/asynckit-0.4.0.tgz"
  integrity sha512-Oei9OH4tRh0YqU3GxhX79dM/mwVgvbZJaSNaRk+bshkj0S5cfHcgYakreBjrHwatXKbz+IoIdYLxrKim2MjW0Q==

balanced-match@^1.0.0:
  version "1.0.2"

binary-extensions@^2.0.0:
  version "2.3.0"

body-parser@1.20.3:
  version "1.20.3"
  dependencies:
    bytes "3.1.2"
    content-type "~1.0.5"
    debug "2.6.9"
    depd "2.0.0"
    destroy "1.2.0"
    http-errors "2.0.0"
    iconv-lite "0.4.24"
    on-finished "2.4.1"
    qs "6.13.0"
    raw-body "2.5.2"
    type-is "~1.6.18"
    unpipe "1.0.0"

brace-expansion@^1.1.7:
  version "1.1.11"
  dependencies:
    balanced-match "^1.0.0"
    concat-map "0.0.1"

brace-expansion@^2.0.1:
  version "2.0.1"
  dependencies:
    balanced-match "^1.0.0"

braces@~3.0.2:
  version "3.0.3"
  dependencies:
    fill-range "^7.1.1"

browser-stdout@^1.3.1:
  version "1.3.1"

bson@^6.10.1:
  version "6.10.1"

bytes@3.1.2:
  version "3.1.2"

call-bind-apply-helpers@^1.0.1:
  version "1.0.1"
  dependencies:
    es-errors "^1.3.0"
    function-bind "^1.1.2"

call-bound@^1.0.2:
  version "1.0.3"
  dependencies:
    call-bind-apply-helpers "^1.0.1"
    get-intrinsic "^1.2.6"

camelcase@^6.0.0:
  version "6.3.0"

chai-http@^4.3.0:
  version "4.3.0"
  resolved "https://registry.npmjs.org/chai-http/-/chai-http-4.3.0.tgz"
  integrity sha512-zFTxlN7HLMv+7+SPXZdkd5wUlK+KxH6Q7bIEMiEx0FK3zuuMqL7cwICAQ0V1+yYRozBburYuxN1qZstgHpFZQg==
  dependencies:
    "@types/chai" "4"
    "@types/superagent" "^3.8.3"
    cookiejar "^2.1.1"
    is-ip "^2.0.0"
    methods "^1.1.2"
    qs "^6.5.1"
    superagent "^3.7.0"

chai@4.2.0:
  version "4.2.0"
  resolved "https://registry.npmjs.org/chai/-/chai-4.2.0.tgz"
  integrity sha512-XQU3bhBukrOsQCuwZndwGcCVQHyZi53fQ6Ys1Fym7E4olpIqqZZhhoFJoaKVvV17lWQoXYwgWN2nF5crA8J2jw==
  dependencies:
    assertion-error "^1.1.0"
    check-error "^1.0.2"
    deep-eql "^3.0.1"
    get-func-name "^2.0.0"
    pathval "^1.1.0"
    type-detect "^4.0.5"

chalk@^4.1.0:
  version "4.1.2"
  dependencies:
    ansi-styles "^4.1.0"
    supports-color "^7.1.0"

check-error@^1.0.2:
  version "1.0.3"
  resolved "https://registry.npmjs.org/check-error/-/check-error-1.0.3.tgz"
  integrity sha512-iKEoDYaRmd1mxM90a2OEfWhjsjPpYPuQ+lMYsoxB126+t8fw7ySEO48nmDg5COTjxDI65/Y2OWpeEHk3ZOe8zg==
  dependencies:
    get-func-name "^2.0.2"

chokidar@^3.3.1, chokidar@^3.5.2, chokidar@^3.5.3:
  version "3.6.0"
  dependencies:
    anymatch "~3.1.2"
    braces "~3.0.2"
    glob-parent "~5.1.2"
    is-binary-path "~2.1.0"
    is-glob "~4.0.1"
    normalize-path "~3.0.0"
    readdirp "~3.6.0"
  optionalDependencies:
    fsevents "~2.3.2"

cliui@^7.0.2:
  version "7.0.4"
  dependencies:
    string-width "^4.2.0"
    strip-ansi "^6.0.0"
    wrap-ansi "^7.0.0"

color-convert@^2.0.1:
  version "2.0.1"
  dependencies:
    color-name "~1.1.4"

color-name@~1.1.4:
  version "1.1.4"

combined-stream@^1.0.6:
  version "1.0.8"
  resolved "https://registry.npmjs.org/combined-stream/-/combined-stream-1.0.8.tgz"
  integrity sha512-FQN4MRfuJeHf7cBbBMJFXhKSDq+2kAArBlmRBvcvFE5BB1HZKXtSFASDhdlz9zOYwxh8lDdnvmMOe/+5cdoEdg==
  dependencies:
    delayed-stream "~1.0.0"

component-emitter@^1.2.0:
  version "1.3.1"
  resolved "https://registry.npmjs.org/component-emitter/-/component-emitter-1.3.1.tgz"
  integrity sha512-T0+barUSQRTUQASh8bx02dl+DhF54GtIDY13Y3m9oWTklKbb3Wv974meRpeZ3lp1JpLVECWWNHC4vaG2XHXouQ==

concat-map@0.0.1:
  version "0.0.1"

content-disposition@0.5.4:
  version "0.5.4"
  dependencies:
    safe-buffer "5.2.1"

content-type@~1.0.4, content-type@~1.0.5:
  version "1.0.5"

cookie-signature@1.0.6:
  version "1.0.6"

cookie@0.7.1:
  version "0.7.1"

cookiejar@^2.1.0, cookiejar@^2.1.1:
  version "2.1.4"
  resolved "https://registry.npmjs.org/cookiejar/-/cookiejar-2.1.4.tgz"
  integrity sha512-LDx6oHrK+PhzLKJU9j5S7/Y3jM/mUHvD/DeI1WQmJn652iPC5Y4TBzC9l+5OMOXlyTTA+SmVUPm0HQUwpD5Jqw==

core-util-is@~1.0.0:
  version "1.0.3"
  resolved "https://registry.npmjs.org/core-util-is/-/core-util-is-1.0.3.tgz"
  integrity sha512-ZQBvi1DcpJ4GDqanjucZ2Hj3wEO5pZDS89BWbkcrvdxksJorwUDDZamX9ldFkp9aw2lmBDLgkObEA4DWNJ9FYQ==

cors@^2.8.5:
  version "2.8.5"
  dependencies:
    object-assign "^4"
    vary "^1"

cross-spawn@^7.0.0, cross-spawn@^7.0.1:
  version "7.0.6"
  dependencies:
    path-key "^3.1.0"
    shebang-command "^2.0.0"
    which "^2.0.1"

debug@^3.1.0:
  version "3.2.7"
  resolved "https://registry.npmjs.org/debug/-/debug-3.2.7.tgz"
  integrity sha512-CFjzYYAi4ThfiQvizrFQevTTXHtnCqWfe7x1AhgEscTz6ZbLbfoLRLPugTQyBth6f8ZERVUSyWHFD/7Wu4t1XQ==
  dependencies:
    ms "^2.1.1"

debug@^4:
  version "4.4.0"
  dependencies:
    ms "^2.1.3"

debug@^4.3.5:
  version "4.4.0"
  dependencies:
    ms "^2.1.3"

debug@2.6.9:
  version "2.6.9"
  dependencies:
    ms "2.0.0"

debug@4.x:
  version "4.4.0"
  dependencies:
    ms "^2.1.3"

decamelize@^4.0.0:
  version "4.0.0"

deep-eql@^3.0.1:
  version "3.0.1"
  resolved "https://registry.npmjs.org/deep-eql/-/deep-eql-3.0.1.tgz"
  integrity sha512-+QeIQyN5ZuO+3Uk5DYh6/1eKO0m0YmJFGNmFHGACpf1ClL1nmlV/p4gNgbl2pJGxgXb4faqo6UE+M5ACEMyVcw==
  dependencies:
    type-detect "^4.0.0"

delayed-stream@~1.0.0:
  version "1.0.0"
  resolved "https://registry.npmjs.org/delayed-stream/-/delayed-stream-1.0.0.tgz"
  integrity sha512-ZySD7Nf91aLB0RxL4KGrKHBXl7Eds1DAmEdcoVawXnLD7SDhpNgtuII2aAkg7a7QS41jxPSZ17p4VdGnMHk3MQ==

depd@2.0.0:
  version "2.0.0"

destroy@1.2.0:
  version "1.2.0"

diff@^5.2.0:
  version "5.2.0"

dunder-proto@^1.0.1:
  version "1.0.1"
  dependencies:
    call-bind-apply-helpers "^1.0.1"
    es-errors "^1.3.0"
    gopd "^1.2.0"

eastasianwidth@^0.2.0:
  version "0.2.0"

ee-first@1.1.1:
  version "1.1.1"

emoji-regex@^8.0.0:
  version "8.0.0"

emoji-regex@^9.2.2:
  version "9.2.2"

encodeurl@~1.0.2:
  version "1.0.2"

encodeurl@~2.0.0:
  version "2.0.0"

es-define-property@^1.0.1:
  version "1.0.1"

es-errors@^1.3.0:
  version "1.3.0"

es-object-atoms@^1.0.0:
  version "1.1.1"
  dependencies:
    es-errors "^1.3.0"

escalade@^3.1.1:
  version "3.2.0"

escape-html@~1.0.3:
  version "1.0.3"

escape-string-regexp@^4.0.0:
  version "4.0.0"

etag@~1.8.1:
  version "1.8.1"

express@^4.17.1:
  version "4.21.2"
  dependencies:
    accepts "~1.3.8"
    array-flatten "1.1.1"
    body-parser "1.20.3"
    content-disposition "0.5.4"
    content-type "~1.0.4"
    cookie "0.7.1"
    cookie-signature "1.0.6"
    debug "2.6.9"
    depd "2.0.0"
    encodeurl "~2.0.0"
    escape-html "~1.0.3"
    etag "~1.8.1"
    finalhandler "1.3.1"
    fresh "0.5.2"
    http-errors "2.0.0"
    merge-descriptors "1.0.3"
    methods "~1.1.2"
    on-finished "2.4.1"
    parseurl "~1.3.3"
    path-to-regexp "0.1.12"
    proxy-addr "~2.0.7"
    qs "6.13.0"
    range-parser "~1.2.1"
    safe-buffer "5.2.1"
    send "0.19.0"
    serve-static "1.16.2"
    setprototypeof "1.2.0"
    statuses "2.0.1"
    type-is "~1.6.18"
    utils-merge "1.0.1"
    vary "~1.1.2"

extend@^3.0.0:
  version "3.0.2"
  resolved "https://registry.npmjs.org/extend/-/extend-3.0.2.tgz"
  integrity sha512-fjquC59cD7CyW6urNXK0FBufkZcoiGG80wTuPujX590cB5Ttln20E2UB4S/WARVqhXffZl2LNgS+gQdPIIim/g==

fill-range@^7.1.1:
  version "7.1.1"
  dependencies:
    to-regex-range "^5.0.1"

finalhandler@1.3.1:
  version "1.3.1"
  dependencies:
    debug "2.6.9"
    encodeurl "~2.0.0"
    escape-html "~1.0.3"
    on-finished "2.4.1"
    parseurl "~1.3.3"
    statuses "2.0.1"
    unpipe "~1.0.0"

find-up@^5.0.0:
  version "5.0.0"
  dependencies:
    locate-path "^6.0.0"
    path-exists "^4.0.0"

flat@^5.0.2:
  version "5.0.2"

foreground-child@^3.1.0:
  version "3.3.0"
  dependencies:
    cross-spawn "^7.0.0"
    signal-exit "^4.0.1"

form-data@^2.3.1:
  version "2.5.2"
  resolved "https://registry.npmjs.org/form-data/-/form-data-2.5.2.tgz"
  integrity sha512-GgwY0PS7DbXqajuGf4OYlsrIu3zgxD6Vvql43IBhm6MahqA5SK/7mwhtNj2AdH2z35YR34ujJ7BN+3fFC3jP5Q==
  dependencies:
    asynckit "^0.4.0"
    combined-stream "^1.0.6"
    mime-types "^2.1.12"
    safe-buffer "^5.2.1"

formidable@^1.2.0:
  version "1.2.6"
  resolved "https://registry.npmjs.org/formidable/-/formidable-1.2.6.tgz"
  integrity sha512-KcpbcpuLNOwrEjnbpMC0gS+X8ciDoZE1kkqzat4a8vrprf+s9pKNQ/QIwWfbfs4ltgmFl3MD177SNTkve3BwGQ==

forwarded@0.2.0:
  version "0.2.0"

fresh@0.5.2:
  version "0.5.2"

function-bind@^1.1.2:
  version "1.1.2"

get-caller-file@^2.0.5:
  version "2.0.5"

get-func-name@^2.0.0, get-func-name@^2.0.2:
  version "2.0.2"
  resolved "https://registry.npmjs.org/get-func-name/-/get-func-name-2.0.2.tgz"
  integrity sha512-8vXOvuE167CtIc3OyItco7N/dpRtBbYOsPsXCz7X/PMnlGjYjSGuZJgM1Y7mmew7BKf9BqvLX2tnOVy1BBUsxQ==

get-intrinsic@^1.2.5, get-intrinsic@^1.2.6:
  version "1.2.7"
  dependencies:
    call-bind-apply-helpers "^1.0.1"
    es-define-property "^1.0.1"
    es-errors "^1.3.0"
    es-object-atoms "^1.0.0"
    function-bind "^1.1.2"
    get-proto "^1.0.0"
    gopd "^1.2.0"
    has-symbols "^1.1.0"
    hasown "^2.0.2"
    math-intrinsics "^1.1.0"

get-proto@^1.0.0:
  version "1.0.1"
  dependencies:
    dunder-proto "^1.0.1"
    es-object-atoms "^1.0.0"

glob-parent@~5.1.2:
  version "5.1.2"
  dependencies:
    is-glob "^4.0.1"

glob@^10.4.5:
  version "10.4.5"
  dependencies:
    foreground-child "^3.1.0"
    jackspeak "^3.1.2"
    minimatch "^9.0.4"
    minipass "^7.1.2"
    package-json-from-dist "^1.0.0"
    path-scurry "^1.11.1"

gopd@^1.2.0:
  version "1.2.0"

has-flag@^3.0.0:
  version "3.0.0"

has-flag@^4.0.0:
  version "4.0.0"

has-symbols@^1.1.0:
  version "1.1.0"

hasown@^2.0.2:
  version "2.0.2"
  dependencies:
    function-bind "^1.1.2"

he@^1.2.0:
  version "1.2.0"

http-errors@2.0.0:
  version "2.0.0"
  dependencies:
    depd "2.0.0"
    inherits "2.0.4"
    setprototypeof "1.2.0"
    statuses "2.0.1"
    toidentifier "1.0.1"

iconv-lite@0.4.24:
  version "0.4.24"
  dependencies:
    safer-buffer ">= 2.1.2 < 3"

ignore-by-default@^1.0.1:
  version "1.0.1"

ignore@^5.1.4:
  version "5.3.2"

inherits@~2.0.3, inherits@2.0.4:
  version "2.0.4"

ip-regex@^2.0.0:
  version "2.1.0"
  resolved "https://registry.npmjs.org/ip-regex/-/ip-regex-2.1.0.tgz"
  integrity sha512-58yWmlHpp7VYfcdTwMTvwMmqx/Elfxjd9RXTDyMsbL7lLWmhMylLEqiYVLKuLzOZqVgiWXD9MfR62Vv89VRxkw==

ipaddr.js@1.9.1:
  version "1.9.1"

is-binary-path@~2.1.0:
  version "2.1.0"
  dependencies:
    binary-extensions "^2.0.0"

is-extglob@^2.1.1:
  version "2.1.1"

is-fullwidth-code-point@^3.0.0:
  version "3.0.0"

is-glob@^4.0.1, is-glob@~4.0.1:
  version "4.0.3"
  dependencies:
    is-extglob "^2.1.1"

is-ip@^2.0.0:
  version "2.0.0"
  resolved "https://registry.npmjs.org/is-ip/-/is-ip-2.0.0.tgz"
  integrity sha512-9MTn0dteHETtyUx8pxqMwg5hMBi3pvlyglJ+b79KOCca0po23337LbVV2Hl4xmMvfw++ljnO0/+5G6G+0Szh6g==
  dependencies:
    ip-regex "^2.0.0"

is-number@^7.0.0:
  version "7.0.0"

is-plain-obj@^2.1.0:
  version "2.1.0"

is-unicode-supported@^0.1.0:
  version "0.1.0"

isarray@~1.0.0:
  version "1.0.0"
  resolved "https://registry.npmjs.org/isarray/-/isarray-1.0.0.tgz"
  integrity sha512-VLghIWNM6ELQzo7zwmcg0NmTVyWKYjvIeM83yjp0wRDTmUnrM678fQbcKBo6n2CJEF0szoG//ytg+TKla89ALQ==

isexe@^2.0.0:
  version "2.0.0"

jackspeak@^3.1.2:
  version "3.4.3"
  dependencies:
    "@isaacs/cliui" "^8.0.2"
  optionalDependencies:
    "@pkgjs/parseargs" "^0.11.0"

js-yaml@^4.1.0:
  version "4.1.0"
  dependencies:
    argparse "^2.0.1"

kareem@2.6.3:
  version "2.6.3"

locate-path@^6.0.0:
  version "6.0.0"
  dependencies:
    p-locate "^5.0.0"

log-symbols@^4.1.0:
  version "4.1.0"
  dependencies:
    chalk "^4.1.0"
    is-unicode-supported "^0.1.0"

lru-cache@^10.2.0:
  version "10.4.3"

math-intrinsics@^1.1.0:
  version "1.1.0"

media-typer@0.3.0:
  version "0.3.0"

memory-pager@^1.0.2:
  version "1.5.0"

merge-descriptors@1.0.3:
  version "1.0.3"

methods@^1.1.1, methods@^1.1.2, methods@~1.1.2:
  version "1.1.2"

mime-db@1.52.0:
  version "1.52.0"

mime-types@^2.1.12, mime-types@~2.1.24, mime-types@~2.1.34:
  version "2.1.35"
  dependencies:
    mime-db "1.52.0"

mime@^1.4.1, mime@1.6.0:
  version "1.6.0"

minimatch@^3.1.2:
  version "3.1.2"
  dependencies:
    brace-expansion "^1.1.7"

minimatch@^5.1.6:
  version "5.1.6"
  dependencies:
    brace-expansion "^2.0.1"

minimatch@^9.0.4:
  version "9.0.5"
  dependencies:
    brace-expansion "^2.0.1"

"minipass@^5.0.0 || ^6.0.2 || ^7.0.0", minipass@^7.1.2:
  version "7.1.2"

mocha@^11.0.1:
  version "11.0.1"
  dependencies:
    ansi-colors "^4.1.3"
    browser-stdout "^1.3.1"
    chokidar "^3.5.3"
    debug "^4.3.5"
    diff "^5.2.0"
    escape-string-regexp "^4.0.0"
    find-up "^5.0.0"
    glob "^10.4.5"
    he "^1.2.0"
    js-yaml "^4.1.0"
    log-symbols "^4.1.0"
    minimatch "^5.1.6"
    ms "^2.1.3"
    serialize-javascript "^6.0.2"
    strip-json-comments "^3.1.1"
    supports-color "^8.1.1"
    workerpool "^6.5.1"
    yargs "^16.2.0"
    yargs-parser "^20.2.9"
    yargs-unparser "^2.0.0"

mongodb-connection-string-url@^3.0.0:
  version "3.0.2"
  dependencies:
    "@types/whatwg-url" "^11.0.2"
    whatwg-url "^14.1.0 || ^13.0.0"

mongodb@^6.12.0, mongodb@~6.12.0:
  version "6.12.0"
  dependencies:
    "@mongodb-js/saslprep" "^1.1.9"
    bson "^6.10.1"
    mongodb-connection-string-url "^3.0.0"

mongoose@^8.9.5:
  version "8.9.5"
  dependencies:
    bson "^6.10.1"
    kareem "2.6.3"
    mongodb "~6.12.0"
    mpath "0.9.0"
    mquery "5.0.0"
    ms "2.1.3"
    sift "17.1.3"

mpath@0.9.0:
  version "0.9.0"

mquery@5.0.0:
  version "5.0.0"
  dependencies:
    debug "4.x"

ms@^2.1.1:
  version "2.1.3"
  resolved "https://registry.npmjs.org/ms/-/ms-2.1.3.tgz"
  integrity sha512-6FlzubTLZG3J2a/NVCAleEhjzq5oxgHyaCU9yYXvcLsvoVaHJq/s5xXI6/XXP6tz7R9xAOtHnSO/tXtF3WRTlA==

ms@^2.1.3:
  version "2.1.3"

ms@2.0.0:
  version "2.0.0"

ms@2.1.3:
  version "2.1.3"

negotiator@0.6.3:
  version "0.6.3"

nodemon@^3.1.9:
  version "3.1.9"
  dependencies:
    chokidar "^3.5.2"
    debug "^4"
    ignore-by-default "^1.0.1"
    minimatch "^3.1.2"
    pstree.remy "^1.1.8"
    semver "^7.5.3"
    simple-update-notifier "^2.0.0"
    supports-color "^5.5.0"
    touch "^3.1.0"
    undefsafe "^2.0.5"

nopt@~1.0.10:
  version "1.0.10"
  dependencies:
    abbrev "1"

normalize-path@^3.0.0, normalize-path@~3.0.0:
  version "3.0.0"

object-assign@^4:
  version "4.1.1"

object-inspect@^1.13.3:
  version "1.13.3"

on-finished@2.4.1:
  version "2.4.1"
  dependencies:
    ee-first "1.1.1"

onchange@^7.1.0:
  version "7.1.0"
  dependencies:
    "@blakeembrey/deque" "^1.0.5"
    "@blakeembrey/template" "^1.0.0"
    arg "^4.1.3"
    chokidar "^3.3.1"
    cross-spawn "^7.0.1"
    ignore "^5.1.4"
    tree-kill "^1.2.2"

p-limit@^3.0.2:
  version "3.1.0"
  dependencies:
    yocto-queue "^0.1.0"

p-locate@^5.0.0:
  version "5.0.0"
  dependencies:
    p-limit "^3.0.2"

package-json-from-dist@^1.0.0:
  version "1.0.1"

parseurl@~1.3.3:
  version "1.3.3"

path-exists@^4.0.0:
  version "4.0.0"

path-key@^3.1.0:
  version "3.1.1"

path-scurry@^1.11.1:
  version "1.11.1"
  dependencies:
    lru-cache "^10.2.0"
    minipass "^5.0.0 || ^6.0.2 || ^7.0.0"

path-to-regexp@0.1.12:
  version "0.1.12"

pathval@^1.1.0:
  version "1.1.1"
  resolved "https://registry.npmjs.org/pathval/-/pathval-1.1.1.tgz"
  integrity sha512-Dp6zGqpTdETdR63lehJYPeIOqpiNBNtc7BpWSLrOje7UaIsE5aY92r/AunQA7rsXvet3lrJ3JnZX29UPTKXyKQ==

picomatch@^2.0.4, picomatch@^2.2.1:
  version "2.3.1"

process-nextick-args@~2.0.0:
  version "2.0.1"
  resolved "https://registry.npmjs.org/process-nextick-args/-/process-nextick-args-2.0.1.tgz"
  integrity sha512-3ouUOpQhtgrbOa17J7+uxOTpITYWaGP7/AhoR3+A+/1e9skrzelGi/dXzEYyvbxubEF6Wn2ypscTKiKJFFn1ag==

proxy-addr@~2.0.7:
  version "2.0.7"
  dependencies:
    forwarded "0.2.0"
    ipaddr.js "1.9.1"

pstree.remy@^1.1.8:
  version "1.1.8"

punycode@^2.3.1:
  version "2.3.1"

qs@^6.5.1, qs@6.13.0:
  version "6.13.0"
  dependencies:
    side-channel "^1.0.6"

randombytes@^2.1.0:
  version "2.1.0"
  dependencies:
    safe-buffer "^5.1.0"

range-parser@~1.2.1:
  version "1.2.1"

raw-body@2.5.2:
  version "2.5.2"
  dependencies:
    bytes "3.1.2"
    http-errors "2.0.0"
    iconv-lite "0.4.24"
    unpipe "1.0.0"

readable-stream@^2.3.5:
  version "2.3.8"
  resolved "https://registry.npmjs.org/readable-stream/-/readable-stream-2.3.8.tgz"
  integrity sha512-8p0AUk4XODgIewSi0l8Epjs+EVnWiK7NoDIEGU0HhE7+ZyY8D1IMY7odu5lRrFXGg71L15KG8QrPmum45RTtdA==
  dependencies:
    core-util-is "~1.0.0"
    inherits "~2.0.3"
    isarray "~1.0.0"
    process-nextick-args "~2.0.0"
    safe-buffer "~5.1.1"
    string_decoder "~1.1.1"
    util-deprecate "~1.0.1"

readdirp@~3.6.0:
  version "3.6.0"
  dependencies:
    picomatch "^2.2.1"

require-directory@^2.1.1:
  version "2.1.1"

safe-buffer@^5.1.0, safe-buffer@^5.2.1, safe-buffer@5.2.1:
  version "5.2.1"

safe-buffer@~5.1.0:
  version "5.1.2"
  resolved "https://registry.npmjs.org/safe-buffer/-/safe-buffer-5.1.2.tgz"
  integrity sha512-Gd2UZBJDkXlY7GbJxfsE8/nvKkUEU1G38c1siN6QP6a9PT9MmHB8GnpscSmMJSoF8LOIrt8ud/wPtojys4G6+g==

safe-buffer@~5.1.1:
  version "5.1.2"
  resolved "https://registry.npmjs.org/safe-buffer/-/safe-buffer-5.1.2.tgz"
  integrity sha512-Gd2UZBJDkXlY7GbJxfsE8/nvKkUEU1G38c1siN6QP6a9PT9MmHB8GnpscSmMJSoF8LOIrt8ud/wPtojys4G6+g==

"safer-buffer@>= 2.1.2 < 3":
  version "2.1.2"

semver@^7.5.3:
  version "7.6.3"

send@0.19.0:
  version "0.19.0"
  dependencies:
    debug "2.6.9"
    depd "2.0.0"
    destroy "1.2.0"
    encodeurl "~1.0.2"
    escape-html "~1.0.3"
    etag "~1.8.1"
    fresh "0.5.2"
    http-errors "2.0.0"
    mime "1.6.0"
    ms "2.1.3"
    on-finished "2.4.1"
    range-parser "~1.2.1"
    statuses "2.0.1"

serialize-javascript@^6.0.2:
  version "6.0.2"
  dependencies:
    randombytes "^2.1.0"

serve-static@1.16.2:
  version "1.16.2"
  dependencies:
    encodeurl "~2.0.0"
    escape-html "~1.0.3"
    parseurl "~1.3.3"
    send "0.19.0"

setprototypeof@1.2.0:
  version "1.2.0"

shebang-command@^2.0.0:
  version "2.0.0"
  dependencies:
    shebang-regex "^3.0.0"

shebang-regex@^3.0.0:
  version "3.0.0"

side-channel-list@^1.0.0:
  version "1.0.0"
  dependencies:
    es-errors "^1.3.0"
    object-inspect "^1.13.3"

side-channel-map@^1.0.1:
  version "1.0.1"
  dependencies:
    call-bound "^1.0.2"
    es-errors "^1.3.0"
    get-intrinsic "^1.2.5"
    object-inspect "^1.13.3"

side-channel-weakmap@^1.0.2:
  version "1.0.2"
  dependencies:
    call-bound "^1.0.2"
    es-errors "^1.3.0"
    get-intrinsic "^1.2.5"
    object-inspect "^1.13.3"
    side-channel-map "^1.0.1"

side-channel@^1.0.6:
  version "1.1.0"
  dependencies:
    es-errors "^1.3.0"
    object-inspect "^1.13.3"
    side-channel-list "^1.0.0"
    side-channel-map "^1.0.1"
    side-channel-weakmap "^1.0.2"

sift@17.1.3:
  version "17.1.3"

signal-exit@^4.0.1:
  version "4.1.0"

simple-update-notifier@^2.0.0:
  version "2.0.0"
  dependencies:
    semver "^7.5.3"

sparse-bitfield@^3.0.3:
  version "3.0.3"
  dependencies:
    memory-pager "^1.0.2"

statuses@2.0.1:
  version "2.0.1"

string_decoder@~1.1.1:
  version "1.1.1"
  resolved "https://registry.npmjs.org/string_decoder/-/string_decoder-1.1.1.tgz"
  integrity sha512-n/ShnvDi6FHbbVfviro+WojiFzv+s8MPMHBczVePfUpDJLwoLT0ht1l4YwBCbi8pJAveEEdnkHyPyTP/mzRfwg==
  dependencies:
    safe-buffer "~5.1.0"

"string-width-cjs@npm:string-width@^4.2.0":
  version "4.2.3"
  dependencies:
    emoji-regex "^8.0.0"
    is-fullwidth-code-point "^3.0.0"
    strip-ansi "^6.0.1"

string-width@^4.1.0, string-width@^4.2.0:
  version "4.2.3"
  dependencies:
    emoji-regex "^8.0.0"
    is-fullwidth-code-point "^3.0.0"
    strip-ansi "^6.0.1"

string-width@^5.0.1, string-width@^5.1.2:
  version "5.1.2"
  dependencies:
    eastasianwidth "^0.2.0"
    emoji-regex "^9.2.2"
    strip-ansi "^7.0.1"

"strip-ansi-cjs@npm:strip-ansi@^6.0.1":
  version "6.0.1"
  dependencies:
    ansi-regex "^5.0.1"

strip-ansi@^6.0.0, strip-ansi@^6.0.1:
  version "6.0.1"
  dependencies:
    ansi-regex "^5.0.1"

strip-ansi@^7.0.1:
  version "7.1.0"
  dependencies:
    ansi-regex "^6.0.1"

strip-json-comments@^3.1.1:
  version "3.1.1"

superagent@^3.7.0:
  version "3.8.3"
  resolved "https://registry.npmjs.org/superagent/-/superagent-3.8.3.tgz"
  integrity sha512-GLQtLMCoEIK4eDv6OGtkOoSMt3D+oq0y3dsxMuYuDvaNUvuT8eFBuLmfR0iYYzHC1e8hpzC6ZsxbuP6DIalMFA==
  dependencies:
    component-emitter "^1.2.0"
    cookiejar "^2.1.0"
    debug "^3.1.0"
    extend "^3.0.0"
    form-data "^2.3.1"
    formidable "^1.2.0"
    methods "^1.1.1"
    mime "^1.4.1"
    qs "^6.5.1"
    readable-stream "^2.3.5"

supports-color@^5.5.0:
  version "5.5.0"
  dependencies:
    has-flag "^3.0.0"

supports-color@^7.1.0:
  version "7.2.0"
  dependencies:
    has-flag "^4.0.0"

supports-color@^8.1.1:
  version "8.1.1"
  dependencies:
    has-flag "^4.0.0"

to-regex-range@^5.0.1:
  version "5.0.1"
  dependencies:
    is-number "^7.0.0"

toidentifier@1.0.1:
  version "1.0.1"

touch@^3.1.0:
  version "3.1.0"
  dependencies:
    nopt "~1.0.10"

tr46@^5.0.0:
  version "5.0.0"
  dependencies:
    punycode "^2.3.1"

tree-kill@^1.2.2:
  version "1.2.2"

type-detect@^4.0.0, type-detect@^4.0.5:
  version "4.1.0"
  resolved "https://registry.npmjs.org/type-detect/-/type-detect-4.1.0.tgz"
  integrity sha512-Acylog8/luQ8L7il+geoSxhEkazvkslg7PSNKOX59mbB9cOveP5aq9h74Y7YU8yDpJwetzQQrfIwtf4Wp4LKcw==

type-is@~1.6.18:
  version "1.6.18"
  dependencies:
    media-typer "0.3.0"
    mime-types "~2.1.24"

undefsafe@^2.0.5:
  version "2.0.5"

undici-types@~6.20.0:
  version "6.20.0"
  resolved "https://registry.npmjs.org/undici-types/-/undici-types-6.20.0.tgz"
  integrity sha512-Ny6QZ2Nju20vw1SRHe3d9jVu6gJ+4e3+MMpqu7pqE5HT6WsTSlce++GQmK5UXS8mzV8DSYHrQH+Xrf2jVcuKNg==

unpipe@~1.0.0, unpipe@1.0.0:
  version "1.0.0"

util-deprecate@~1.0.1:
  version "1.0.2"
  resolved "https://registry.npmjs.org/util-deprecate/-/util-deprecate-1.0.2.tgz"
  integrity sha512-EPD5q1uXyFxJpCrLnCc1nHnq3gOa6DZBocAIiI2TaSCA7VCJ1UJDMagCzIkXNsUYfD1daK//LTEQ8xiIbrHtcw==

utils-merge@1.0.1:
  version "1.0.1"

vary@^1, vary@~1.1.2:
  version "1.1.2"

webidl-conversions@^7.0.0:
  version "7.0.0"

"whatwg-url@^14.1.0 || ^13.0.0":
  version "14.1.0"
  dependencies:
    tr46 "^5.0.0"
    webidl-conversions "^7.0.0"

which@^2.0.1:
  version "2.0.2"
  dependencies:
    isexe "^2.0.0"

workerpool@^6.5.1:
  version "6.5.1"

"wrap-ansi-cjs@npm:wrap-ansi@^7.0.0":
  version "7.0.0"
  dependencies:
    ansi-styles "^4.0.0"
    string-width "^4.1.0"
    strip-ansi "^6.0.0"

wrap-ansi@^7.0.0:
  version "7.0.0"
  dependencies:
    ansi-styles "^4.0.0"
    string-width "^4.1.0"
    strip-ansi "^6.0.0"

wrap-ansi@^8.1.0:
  version "8.1.0"
  dependencies:
    ansi-styles "^6.1.0"
    string-width "^5.0.1"
    strip-ansi "^7.0.1"

y18n@^5.0.5:
  version "5.0.8"

yargs-parser@^20.2.2, yargs-parser@^20.2.9:
  version "20.2.9"

yargs-unparser@^2.0.0:
  version "2.0.0"
  dependencies:
    camelcase "^6.0.0"
    decamelize "^4.0.0"
    flat "^5.0.2"
    is-plain-obj "^2.1.0"

yargs@^16.2.0:
  version "16.2.0"
  dependencies:
    cliui "^7.0.2"
    escalade "^3.1.1"
    get-caller-file "^2.0.5"
    require-directory "^2.1.1"
    string-width "^4.2.0"
    y18n "^5.0.5"
    yargs-parser "^20.2.2"

yarn@^1.22.22:
  version "1.22.22"

yocto-queue@^0.1.0:
  version "0.1.0"
